
Microsoft Visual Studio Solution File, Format Version 12.00
# Visual Studio Version 16
VisualStudioVersion = 16.0.30907.101
MinimumVisualStudioVersion = 10.0.40219.1
Project("{9A19103F-16F7-4668-BE54-9A1E7A4F7556}") = "EcommerceAPI", "EcommerceAPI\EcommerceAPI.csproj", "{8CC1E9E5-A6F9-488C-8D25-60C23949BCA7}"
EndProject
Project("{9A19103F-16F7-4668-BE54-9A1E7A4F7556}") = "Infraestructure", "Infraestructure\Infraestructure.csproj", "{51A35D45-37B2-4258-B380-1A161C3C2659}"
EndProject
Project("{FAE04EC0-301F-11D3-BF4B-00C04F79EFBC}") = "Core", "Core\Core.csproj", "{3953AD7B-8C0E-41FE-B8BA-6DB3A9EBBB81}"
EndProject
Global
	GlobalSection(SolutionConfigurationPlatforms) = preSolution
		Debug|Any CPU = Debug|Any CPU
		Release|Any CPU = Release|Any CPU
	EndGlobalSection
	GlobalSection(ProjectConfigurationPlatforms) = postSolution
		{8CC1E9E5-A6F9-488C-8D25-60C23949BCA7}.Debug|Any CPU.ActiveCfg = Debug|Any CPU
		{8CC1E9E5-A6F9-488C-8D25-60C23949BCA7}.Debug|Any CPU.Build.0 = Debug|Any CPU
		{8CC1E9E5-A6F9-488C-8D25-60C23949BCA7}.Release|Any CPU.ActiveCfg = Release|Any CPU
		{8CC1E9E5-A6F9-488C-8D25-60C23949BCA7}.Release|Any CPU.Build.0 = Release|Any CPU
		{51A35D45-37B2-4258-B380-1A161C3C2659}.Debug|Any CPU.ActiveCfg = Debug|Any CPU
		{51A35D45-37B2-4258-B380-1A161C3C2659}.Debug|Any CPU.Build.0 = Debug|Any CPU
		{51A35D45-37B2-4258-B380-1A161C3C2659}.Release|Any CPU.ActiveCfg = Release|Any CPU
		{51A35D45-37B2-4258-B380-1A161C3C2659}.Release|Any CPU.Build.0 = Release|Any CPU
		{3953AD7B-8C0E-41FE-B8BA-6DB3A9EBBB81}.Debug|Any CPU.ActiveCfg = Debug|Any CPU
		{3953AD7B-8C0E-41FE-B8BA-6DB3A9EBBB81}.Debug|Any CPU.Build.0 = Debug|Any CPU
		{3953AD7B-8C0E-41FE-B8BA-6DB3A9EBBB81}.Release|Any CPU.ActiveCfg = Release|Any CPU
		{3953AD7B-8C0E-41FE-B8BA-6DB3A9EBBB81}.Release|Any CPU.Build.0 = Release|Any CPU
	EndGlobalSection
	GlobalSection(SolutionProperties) = preSolution
		HideSolutionNode = FALSE
	EndGlobalSection
	GlobalSection(ExtensibilityGlobals) = postSolution
		SolutionGuid = {695E5880-366B-40D4-B72C-E49849BC378E}
	EndGlobalSection
EndGlobal
